Microsoft Visual Studio Solution File, Format Version 12.00
# Visual Studio Version 17
VisualStudioVersion = 17.5.2.0
MinimumVisualStudioVersion = 10.0.40219.1
Project("{2150E333-8FDC-42A3-9474-1A3956D46DE8}") = "Mercury", "Mercury", "{6750EF25-8514-86BC-7D7C-25540F827C52}"
EndProject
Project("{FAE04EC0-301F-11D3-BF4B-00C04F79EFBC}") = "ImageTest", "Mercury\css\ImageTest.csproj", "{2A66BB95-722D-512A-E820-FD8CA8F70B4C}"
EndProject
Global
	GlobalSection(SolutionConfigurationPlatforms) = preSolution
		Debug|Any CPU = Debug|Any CPU
		Release|Any CPU = Release|Any CPU
	EndGlobalSection
	GlobalSection(ProjectConfigurationPlatforms) = postSolution
		{2A66BB95-722D-512A-E820-FD8CA8F70B4C}.Debug|Any CPU.ActiveCfg = Debug|Any CPU
		{2A66BB95-722D-512A-E820-FD8CA8F70B4C}.Debug|Any CPU.Build.0 = Debug|Any CPU
		{2A66BB95-722D-512A-E820-FD8CA8F70B4C}.Release|Any CPU.ActiveCfg = Release|Any CPU
		{2A66BB95-722D-512A-E820-FD8CA8F70B4C}.Release|Any CPU.Build.0 = Release|Any CPU
	EndGlobalSection
	GlobalSection(SolutionProperties) = preSolution
		HideSolutionNode = FALSE
	EndGlobalSection
	GlobalSection(NestedProjects) = preSolution
		{2A66BB95-722D-512A-E820-FD8CA8F70B4C} = {6750EF25-8514-86BC-7D7C-25540F827C52}
	EndGlobalSection
	GlobalSection(ExtensibilityGlobals) = postSolution
		SolutionGuid = {D7CA6932-F4E0-4EB1-B9A8-2BE55D11A00A}
	EndGlobalSection
EndGlobal
